
Microsoft Visual Studio Solution File, Format Version 12.00
# Visual Studio 2015
Project("{FAE04EC0-301F-11D3-BF4B-00C04F79EFBC}") = "Roll a Ball - VR.CSharp", "Roll a Ball - VR.CSharp.csproj", "{1D68A294-2C90-3B53-E827-F3450E4B182A}"
EndProject
Project("{FAE04EC0-301F-11D3-BF4B-00C04F79EFBC}") = "Roll a Ball - VR.CSharp.Editor", "Roll a Ball - VR.CSharp.Editor.csproj", "{F5F17136-D03A-0C4C-5F21-DBBA1FE95259}"
EndProject
Global
	GlobalSection(SolutionConfigurationPlatforms) = preSolution
		Debug|Any CPU = Debug|Any CPU
		Release|Any CPU = Release|Any CPU
	EndGlobalSection
	GlobalSection(ProjectConfigurationPlatforms) = postSolution
		{1D68A294-2C90-3B53-E827-F3450E4B182A}.Debug|Any CPU.ActiveCfg = Debug|Any CPU
		{1D68A294-2C90-3B53-E827-F3450E4B182A}.Debug|Any CPU.Build.0 = Debug|Any CPU
		{1D68A294-2C90-3B53-E827-F3450E4B182A}.Release|Any CPU.ActiveCfg = Release|Any CPU
		{1D68A294-2C90-3B53-E827-F3450E4B182A}.Release|Any CPU.Build.0 = Release|Any CPU
		{F5F17136-D03A-0C4C-5F21-DBBA1FE95259}.Debug|Any CPU.ActiveCfg = Debug|Any CPU
		{F5F17136-D03A-0C4C-5F21-DBBA1FE95259}.Debug|Any CPU.Build.0 = Debug|Any CPU
		{F5F17136-D03A-0C4C-5F21-DBBA1FE95259}.Release|Any CPU.ActiveCfg = Release|Any CPU
		{F5F17136-D03A-0C4C-5F21-DBBA1FE95259}.Release|Any CPU.Build.0 = Release|Any CPU
	EndGlobalSection
	GlobalSection(SolutionProperties) = preSolution
		HideSolutionNode = FALSE
	EndGlobalSection
EndGlobal
